
Microsoft Visual Studio Solution File, Format Version 12.00
# Visual Studio Version 17
VisualStudioVersion = 17.2.32526.322
MinimumVisualStudioVersion = 10.0.40219.1
Project("{FAE04EC0-301F-11D3-BF4B-00C04F79EFBC}") = "testquiz", "testquiz\testquiz.csproj", "{68403AD0-7B16-480A-8335-566F3E7B56F8}"
EndProject
Global
	GlobalSection(SolutionConfigurationPlatforms) = preSolution
		Debug|Any CPU = Debug|Any CPU
		Release|Any CPU = Release|Any CPU
	EndGlobalSection
	GlobalSection(ProjectConfigurationPlatforms) = postSolution
		{68403AD0-7B16-480A-8335-566F3E7B56F8}.Debug|Any CPU.ActiveCfg = Debug|Any CPU
		{68403AD0-7B16-480A-8335-566F3E7B56F8}.Debug|Any CPU.Build.0 = Debug|Any CPU
		{68403AD0-7B16-480A-8335-566F3E7B56F8}.Release|Any CPU.ActiveCfg = Release|Any CPU
		{68403AD0-7B16-480A-8335-566F3E7B56F8}.Release|Any CPU.Build.0 = Release|Any CPU
	EndGlobalSection
	GlobalSection(SolutionProperties) = preSolution
		HideSolutionNode = FALSE
	EndGlobalSection
	GlobalSection(ExtensibilityGlobals) = postSolution
		SolutionGuid = {08492686-36C9-4F2F-A00A-C8A0294C737D}
	EndGlobalSection
EndGlobal
